{
  "lockfileVersion": 1,
  "configVersion": 1,
  "workspaces": {
    "": {
      "name": "mdbasequery",
      "dependencies": {
        "minimatch": "^10.1.1",
        "yaml": "^2.8.1",
      },
      "devDependencies": {
        "@types/node": "^22.14.0",
        "typescript": "^5.9.3",
      },
    },
  },
  "packages": {
    "@types/node": ["@types/node@22.19.11", "", { "dependencies": { "undici-types": "~6.21.0" } }, "sha512-BH7YwL6rA93ReqeQS1c4bsPpcfOmJasG+Fkr6Y59q83f9M1WcBRHR2vM+P9eOisYRcN3ujQoiZY8uk5W+1WL8w=="],

    "balanced-match": ["balanced-match@4.0.3", "", {}, "sha512-1pHv8LX9CpKut1Zp4EXey7Z8OfH11ONNH6Dhi2WDUt31VVZFXZzKwXcysBgqSumFCmR+0dqjMK5v5JiFHzi0+g=="],

    "brace-expansion": ["brace-expansion@5.0.2", "", { "dependencies": { "balanced-match": "^4.0.2" } }, "sha512-Pdk8c9poy+YhOgVWw1JNN22/HcivgKWwpxKq04M/jTmHyCZn12WPJebZxdjSa5TmBqISrUSgNYU3eRORljfCCw=="],

    "minimatch": ["minimatch@10.2.1", "", { "dependencies": { "brace-expansion": "^5.0.2" } }, "sha512-MClCe8IL5nRRmawL6ib/eT4oLyeKMGCghibcDWK+J0hh0Q8kqSdia6BvbRMVk6mPa6WqUa5uR2oxt6C5jd533A=="],

    "typescript": ["typescript@5.9.3", "", { "bin": { "tsc": "bin/tsc", "tsserver": "bin/tsserver" } }, "sha512-jl1vZzPDinLr9eUt3J/t7V6FgNEw9QjvBPdysz9KfQDD41fQrC2Y4vKQdiaUpFT4bXlb1RHhLpp8wtm6M5TgSw=="],

    "undici-types": ["undici-types@6.21.0", "", {}, "sha512-iwDZqg0QAGrg9Rav5H4n0M64c3mkR59cJ6wQp+7C4nI0gsmExaedaYLNO44eT4AtBBwjbTiGPMlt2Md0T9H9JQ=="],

    "yaml": ["yaml@2.8.2", "", { "bin": { "yaml": "bin.mjs" } }, "sha512-mplynKqc1C2hTVYxd0PU2xQAc22TI1vShAYGksCCfxbn/dFwnHTNi1bvYsBTkhdUNtGIf5xNOg938rrSSYvS9A=="],
  }
}
